
Microsoft Visual Studio Solution File, Format Version 12.00
# Visual Studio Version 17
VisualStudioVersion = 17.9.34622.214
MinimumVisualStudioVersion = 10.0.40219.1
Project("{FAE04EC0-301F-11D3-BF4B-00C04F79EFBC}") = "Week4Loops", "Week4Loops\Week4Loops.csproj", "{71A41BAF-A237-4DE7-BFD9-D5F4B664E738}"
EndProject
Project("{FAE04EC0-301F-11D3-BF4B-00C04F79EFBC}") = "ForLoopSum", "ForLoopSum\ForLoopSum.csproj", "{48AA0EA0-DEBD-4817-9603-F888AA79E055}"
EndProject
Project("{FAE04EC0-301F-11D3-BF4B-00C04F79EFBC}") = "RandomNumber", "RandomNumber\RandomNumber.csproj", "{45E2CADD-1DA9-43E8-B04B-CD61598D9C3F}"
EndProject
Project("{FAE04EC0-301F-11D3-BF4B-00C04F79EFBC}") = "WhileLoops", "WhileLoops\WhileLoops.csproj", "{679A19AA-FBA1-4ED5-BCCB-2EC3D10B1B81}"
EndProject
Global
	GlobalSection(SolutionConfigurationPlatforms) = preSolution
		Debug|Any CPU = Debug|Any CPU
		Release|Any CPU = Release|Any CPU
	EndGlobalSection
	GlobalSection(ProjectConfigurationPlatforms) = postSolution
		{71A41BAF-A237-4DE7-BFD9-D5F4B664E738}.Debug|Any CPU.ActiveCfg = Debug|Any CPU
		{71A41BAF-A237-4DE7-BFD9-D5F4B664E738}.Debug|Any CPU.Build.0 = Debug|Any CPU
		{71A41BAF-A237-4DE7-BFD9-D5F4B664E738}.Release|Any CPU.ActiveCfg = Release|Any CPU
		{71A41BAF-A237-4DE7-BFD9-D5F4B664E738}.Release|Any CPU.Build.0 = Release|Any CPU
		{48AA0EA0-DEBD-4817-9603-F888AA79E055}.Debug|Any CPU.ActiveCfg = Debug|Any CPU
		{48AA0EA0-DEBD-4817-9603-F888AA79E055}.Debug|Any CPU.Build.0 = Debug|Any CPU
		{48AA0EA0-DEBD-4817-9603-F888AA79E055}.Release|Any CPU.ActiveCfg = Release|Any CPU
		{48AA0EA0-DEBD-4817-9603-F888AA79E055}.Release|Any CPU.Build.0 = Release|Any CPU
		{45E2CADD-1DA9-43E8-B04B-CD61598D9C3F}.Debug|Any CPU.ActiveCfg = Debug|Any CPU
		{45E2CADD-1DA9-43E8-B04B-CD61598D9C3F}.Debug|Any CPU.Build.0 = Debug|Any CPU
		{45E2CADD-1DA9-43E8-B04B-CD61598D9C3F}.Release|Any CPU.ActiveCfg = Release|Any CPU
		{45E2CADD-1DA9-43E8-B04B-CD61598D9C3F}.Release|Any CPU.Build.0 = Release|Any CPU
		{679A19AA-FBA1-4ED5-BCCB-2EC3D10B1B81}.Debug|Any CPU.ActiveCfg = Debug|Any CPU
		{679A19AA-FBA1-4ED5-BCCB-2EC3D10B1B81}.Debug|Any CPU.Build.0 = Debug|Any CPU
		{679A19AA-FBA1-4ED5-BCCB-2EC3D10B1B81}.Release|Any CPU.ActiveCfg = Release|Any CPU
		{679A19AA-FBA1-4ED5-BCCB-2EC3D10B1B81}.Release|Any CPU.Build.0 = Release|Any CPU
	EndGlobalSection
	GlobalSection(SolutionProperties) = preSolution
		HideSolutionNode = FALSE
	EndGlobalSection
	GlobalSection(ExtensibilityGlobals) = postSolution
		SolutionGuid = {16F210E6-DE7A-42DA-A21A-1B350272D5CF}
	EndGlobalSection
EndGlobal
